dependencies:
  espressif/cmake_utilities:
    component_hash: 351350613ceafba240b761b4ea991e0f231ac7a9f59a9ee901f751bddc0bb18f
    dependencies:
    - name: idf
      require: private
      version: '>=4.1'
    source:
      registry_url: https://components.espressif.com
      type: service
    version: 0.5.3
  espressif/esp_cam_sensor:
    component_hash: f5b7333b92c4a543c73ab7b7f3f09393717c746c577767e6b5197104379efb3b
    dependencies:
    - name: espressif/cmake_utilities
      registry_url: https://components.espressif.com
      require: private
      version: 0.*
    - name: espressif/esp_sccb_intf
      registry_url: https://components.espressif.com
      require: private
      version: '>=0.0.2'
    - name: idf
      require: private
      version: '>=5.3'
    source:
      registry_url: https://components.espressif.com/
      type: service
    targets:
    - esp32p4
    version: 0.5.5
  espressif/esp_sccb_intf:
    component_hash: 8345dc8ec72c38716f86bb439394aa3e6ae5b773078365016b009b3dba4549a8
    dependencies:
    - name: idf
      require: private
      version: '>=5.3'
    source:
      registry_url: https://components.espressif.com
      type: service
    version: 0.0.6
  idf:
    source:
      type: idf
    version: 6.0.0
direct_dependencies:
- espressif/esp_cam_sensor
- idf
manifest_hash: 6e37136bdbe5bd7f26199a8174e8bf886e3985822f49ece1364fe143b6015600
target: esp32p4
version: 2.0.0
